
Microsoft Visual Studio Solution File, Format Version 12.00
# Visual Studio Version 17
VisualStudioVersion = 17.14.35906.104 d17.14
MinimumVisualStudioVersion = 10.0.40219.1
Project("{FAE04EC0-301F-11D3-BF4B-00C04F79EFBC}") = "PRUEBA_GSE", "PRUEBA_GSE\PRUEBA_GSE.csproj", "{624E9E37-8A2D-45D8-8DB2-B4DCC1A1C8E4}"
EndProject
Global
	GlobalSection(SolutionConfigurationPlatforms) = preSolution
		Debug|Any CPU = Debug|Any CPU
		Release|Any CPU = Release|Any CPU
	EndGlobalSection
	GlobalSection(ProjectConfigurationPlatforms) = postSolution
		{624E9E37-8A2D-45D8-8DB2-B4DCC1A1C8E4}.Debug|Any CPU.ActiveCfg = Debug|Any CPU
		{624E9E37-8A2D-45D8-8DB2-B4DCC1A1C8E4}.Debug|Any CPU.Build.0 = Debug|Any CPU
		{624E9E37-8A2D-45D8-8DB2-B4DCC1A1C8E4}.Release|Any CPU.ActiveCfg = Release|Any CPU
		{624E9E37-8A2D-45D8-8DB2-B4DCC1A1C8E4}.Release|Any CPU.Build.0 = Release|Any CPU
	EndGlobalSection
	GlobalSection(SolutionProperties) = preSolution
		HideSolutionNode = FALSE
	EndGlobalSection
	GlobalSection(ExtensibilityGlobals) = postSolution
		SolutionGuid = {4DEF2348-8DDB-49BC-8C68-DFA1D42AD319}
	EndGlobalSection
EndGlobal
